// !$*UTF8*$!
{
	archiveVersion = 1;
	classes = {
	};
	objectVersion = 50;
	objects = {

/* Begin PBXBuildFile section */
		3F0C09DF24B6C03800617AAD /* Default-568h@2x.png in Resources */ = {isa = PBXBuildFile; fileRef = 3F0C09DE24B6C03800617AAD /* Default-568h@2x.png */; };
		479FD92523790B9700365A4D /* AppDelegate.swift in Sources */ = {isa = PBXBuildFile; fileRef = 479FD92423790B9700365A4D /* AppDelegate.swift */; };
		479FD92723790B9700365A4D /* ViewController.swift in Sources */ = {isa = PBXBuildFile; fileRef = 479FD92623790B9700365A4D /* ViewController.swift */; };
		479FD92A23790B9700365A4D /* Main.storyboard in Resources */ = {isa = PBXBuildFile; fileRef = 479FD92823790B9700365A4D /* Main.storyboard */; };
		479FD92C23790B9900365A4D /* Assets.xcassets in Resources */ = {isa = PBXBuildFile; fileRef = 479FD92B23790B9900365A4D /* Assets.xcassets */; };
		479FD92F23790B9900365A4D /* LaunchScreen.storyboard in Resources */ = {isa = PBXBuildFile; fileRef = 479FD92D23790B9900365A4D /* LaunchScreen.storyboard */; };
		479FD93723790BD100365A4D /* ApiCaller.swift in Sources */ = {isa = PBXBuildFile; fileRef = 479FD93623790BD100365A4D /* ApiCaller.swift */; };
/* End PBXBuildFile section */

/* Begin PBXFileReference section */
		3F0C09DE24B6C03800617AAD /* Default-568h@2x.png */ = {isa = PBXFileReference; lastKnownFileType = image.png; path = "Default-568h@2x.png"; sourceTree = "<group>"; };
		479FD92123790B9700365A4D /* SimpleGenericApiCaller.app */ = {isa = PBXFileReference; explicitFileType = wrapper.application; includeInIndex = 0; path = SimpleGenericApiCaller.app; sourceTree = BUILT_PRODUCTS_DIR; };
		479FD92423790B9700365A4D /* AppDelegate.swift */ = {isa = PBXFileReference; lastKnownFileType = sourcecode.swift; path = AppDelegate.swift; sourceTree = "<group>"; };
		479FD92623790B9700365A4D /* ViewController.swift */ = {isa = PBXFileReference; lastKnownFileType = sourcecode.swift; path = ViewController.swift; sourceTree = "<group>"; };
		479FD92923790B9700365A4D /* Base */ = {isa = PBXFileReference; lastKnownFileType = file.storyboard; name = Base; path = Base.lproj/Main.storyboard; sourceTree = "<group>"; };
		479FD92B23790B9900365A4D /* Assets.xcassets */ = {isa = PBXFileReference; lastKnownFileType = folder.assetcatalog; path = Assets.xcassets; sourceTree = "<group>"; };
		479FD92E23790B9900365A4D /* Base */ = {isa = PBXFileReference; lastKnownFileType = file.storyboard; name = Base; path = Base.lproj/LaunchScreen.storyboard; sourceTree = "<group>"; };
		479FD93023790B9900365A4D /* Info.plist */ = {isa = PBXFileReference; lastKnownFileType = text.plist.xml; path = Info.plist; sourceTree = "<group>"; };
		479FD93623790BD100365A4D /* ApiCaller.swift */ = {isa = PBXFileReference; fileEncoding = 4; lastKnownFileType = sourcecode.swift; path = ApiCaller.swift; sourceTree = "<group>"; };
/* End PBXFileReference section */

/* Begin PBXFrameworksBuildPhase section */
		479FD91E23790B9700365A4D /* Frameworks */ = {
			isa = PBXFrameworksBuildPhase;
			buildActionMask = 2147483647;
			files = (
			);
			runOnlyForDeploymentPostprocessing = 0;
		};
/* End PBXFrameworksBuildPhase section */

/* Begin PBXGroup section */
		479FD91823790B9700365A4D = {
			isa = PBXGroup;
			children = (
				3F0C09DE24B6C03800617AAD /* Default-568h@2x.png */,
				479FD92323790B9700365A4D /* SimpleGenericApiCaller */,
				479FD92223790B9700365A4D /* Products */,
			);
			sourceTree = "<group>";
		};
		479FD92223790B9700365A4D /* Products */ = {
			isa = PBXGroup;
			children = (
				479FD92123790B9700365A4D /* SimpleGenericApiCaller.app */,
			);
			name = Products;
			sourceTree = "<group>";
		};
		479FD92323790B9700365A4D /* SimpleGenericApiCaller */ = {
			isa = PBXGroup;
			children = (
				479FD93623790BD100365A4D /* ApiCaller.swift */,
				479FD92423790B9700365A4D /* AppDelegate.swift */,
				479FD92623790B9700365A4D /* ViewController.swift */,
				479FD92823790B9700365A4D /* Main.storyboard */,
				479FD92B23790B9900365A4D /* Assets.xcassets */,
				479FD92D23790B9900365A4D /* LaunchScreen.storyboard */,
				479FD93023790B9900365A4D /* Info.plist */,
			);
			path = SimpleGenericApiCaller;
			sourceTree = "<group>";
		};
/* End PBXGroup section */

/* Begin PBXNativeTarget section */
		479FD92023790B9700365A4D /* SimpleGenericApiCaller */ = {
			isa = PBXNativeTarget;
			buildConfigurationList = 479FD93323790B9900365A4D /* Build configuration list for PBXNativeTarget "SimpleGenericApiCaller" */;
			buildPhases = (
				479FD91D23790B9700365A4D /* Sources */,
				479FD91E23790B9700365A4D /* Frameworks */,
				479FD91F23790B9700365A4D /* Resources */,
			);
			buildRules = (
			);
			dependencies = (
			);
			name = SimpleGenericApiCaller;
			productName = SimpleGenericApiCaller;
			productReference = 479FD92123790B9700365A4D /* SimpleGenericApiCaller.app */;
			productType = "com.apple.product-type.application";
		};
/* End PBXNativeTarget section */

/* Begin PBXProject section */
		479FD91923790B9700365A4D /* Project object */ = {
			isa = PBXProject;
			attributes = {
				LastSwiftUpdateCheck = 1030;
				LastUpgradeCheck = 1030;
				ORGANIZATIONNAME = bista;
				TargetAttributes = {
					479FD92023790B9700365A4D = {
						CreatedOnToolsVersion = 10.3;
					};
				};
			};
			buildConfigurationList = 479FD91C23790B9700365A4D /* Build configuration list for PBXProject "SimpleGenericApiCaller" */;
			compatibilityVersion = "Xcode 9.3";
			developmentRegion = en;
			hasScannedForEncodings = 0;
			knownRegions = (
				en,
				Base,
			);
			mainGroup = 479FD91823790B9700365A4D;
			productRefGroup = 479FD92223790B9700365A4D /* Products */;
			projectDirPath = "";
			projectRoot = "";
			targets = (
				479FD92023790B9700365A4D /* SimpleGenericApiCaller */,
			);
		};
/* End PBXProject section */

/* Begin PBXResourcesBuildPhase section */
		479FD91F23790B9700365A4D /* Resources */ = {
			isa = PBXResourcesBuildPhase;
			buildActionMask = 2147483647;
			files = (
				479FD92F23790B9900365A4D /* LaunchScreen.storyboard in Resources */,
				3F0C09DF24B6C03800617AAD /* Default-568h@2x.png in Resources */,
				479FD92C23790B9900365A4D /* Assets.xcassets in Resources */,
				479FD92A23790B9700365A4D /* Main.storyboard in Resources */,
			);
			runOnlyForDeploymentPostprocessing = 0;
		};
/* End PBXResourcesBuildPhase section */

/* Begin PBXSourcesBuildPhase section */
		479FD91D23790B9700365A4D /* Sources */ = {
			isa = PBXSourcesBuildPhase;
			buildActionMask = 2147483647;
			files = (
				479FD92723790B9700365A4D /* ViewController.swift in Sources */,
				479FD93723790BD100365A4D /* ApiCaller.swift in Sources */,
				479FD92523790B9700365A4D /* AppDelegate.swift in Sources */,
			);
			runOnlyForDeploymentPostprocessing = 0;
		};
/* End PBXSourcesBuildPhase section */

/* Begin PBXVariantGroup section */
		479FD92823790B9700365A4D /* Main.storyboard */ = {
			isa = PBXVariantGroup;
			children = (
				479FD92923790B9700365A4D /* Base */,
			);
			name = Main.storyboard;
			sourceTree = "<group>";
		};
		479FD92D23790B9900365A4D /* LaunchScreen.storyboard */ = {
			isa = PBXVariantGroup;
			children = (
				479FD92E23790B9900365A4D /* Base */,
			);
			name = LaunchScreen.storyboard;
			sourceTree = "<group>";
		};
/* End PBXVariantGroup section */

/* Begin XCBuildConfiguration section */
		479FD93123790B9900365A4D /* Debug */ = {
			isa = XCBuildConfiguration;
			buildSettings = {
				ALWAYS_SEARCH_USER_PATHS = NO;
				CLANG_ANALYZER_NONNULL = YES;
				CLANG_ANALYZER_NUMBER_OBJECT_CONVERSION = YES_AGGRESSIVE;
				CLANG_CXX_LANGUAGE_STANDARD = "gnu++14";
				CLANG_CXX_LIBRARY = "libc++";
				CLANG_ENABLE_MODULES = YES;
				CLANG_ENABLE_OBJC_ARC = YES;
				CLANG_ENABLE_OBJC_WEAK = YES;
				CLANG_WARN_BLOCK_CAPTURE_AUTORELEASING = YES;
				CLANG_WARN_BOOL_CONVERSION = YES;
				CLANG_WARN_COMMA = YES;
				CLANG_WARN_CONSTANT_CONVERSION = YES;
				CLANG_WARN_DEPRECATED_OBJC_IMPLEMENTATIONS = YES;
				CLANG_WARN_DIRECT_OBJC_ISA_USAGE = YES_ERROR;
				CLANG_WARN_DOCUMENTATION_COMMENTS = YES;
				CLANG_WARN_EMPTY_BODY = YES;
				CLANG_WARN_ENUM_CONVERSION = YES;
				CLANG_WARN_INFINITE_RECURSION = YES;
				CLANG_WARN_INT_CONVERSION = YES;
				CLANG_WARN_NON_LITERAL_NULL_CONVERSION = YES;
				CLANG_WARN_OBJC_IMPLICIT_RETAIN_SELF = YES;
				CLANG_WARN_OBJC_LITERAL_CONVERSION = YES;
				CLANG_WARN_OBJC_ROOT_CLASS = YES_ERROR;
				CLANG_WARN_RANGE_LOOP_ANALYSIS = YES;
				CLANG_WARN_STRICT_PROTOTYPES = YES;
				CLANG_WARN_SUSPICIOUS_MOVE = YES;
				CLANG_WARN_UNGUARDED_AVAILABILITY = YES_AGGRESSIVE;
				CLANG_WARN_UNREACHABLE_CODE = YES;
				CLANG_WARN__DUPLICATE_METHOD_MATCH = YES;
				CODE_SIGN_IDENTITY = "iPhone Developer";
				COPY_PHASE_STRIP = NO;
				DEBUG_INFORMATION_FORMAT = dwarf;
				ENABLE_STRICT_OBJC_MSGSEND = YES;
				ENABLE_TESTABILITY = YES;
				GCC_C_LANGUAGE_STANDARD = gnu11;
				GCC_DYNAMIC_NO_PIC = NO;
				GCC_NO_COMMON_BLOCKS = YES;
				GCC_OPTIMIZATION_LEVEL = 0;
				GCC_PREPROCESSOR_DEFINITIONS = (
					"DEBUG=1",
					"$(inherited)",
				);
				GCC_WARN_64_TO_32_BIT_CONVERSION = YES;
				GCC_WARN_ABOUT_RETURN_TYPE = YES_ERROR;
				GCC_WARN_UNDECLARED_SELECTOR = YES;
				GCC_WARN_UNINITIALIZED_AUTOS = YES_AGGRESSIVE;
				GCC_WARN_UNUSED_FUNCTION = YES;
				GCC_WARN_UNUSED_VARIABLE = YES;
				IPHONEOS_DEPLOYMENT_TARGET = 12.4;
				MTL_ENABLE_DEBUG_INFO = INCLUDE_SOURCE;
				MTL_FAST_MATH = YES;
				ONLY_ACTIVE_ARCH = YES;
				SDKROOT = iphoneos;
				SWIFT_ACTIVE_COMPILATION_CONDITIONS = DEBUG;
				SWIFT_OPTIMIZATION_LEVEL = "-Onone";
			};
			name = Debug;
		};
		479FD93223790B9900365A4D /* Release */ = {
			isa = XCBuildConfiguration;
			buildSettings = {
				ALWAYS_SEARCH_USER_PATHS = NO;
				CLANG_ANALYZER_NONNULL = YES;
				CLANG_ANALYZER_NUMBER_OBJECT_CONVERSION = YES_AGGRESSIVE;
				CLANG_CXX_LANGUAGE_STANDARD = "gnu++14";
				CLANG_CXX_LIBRARY = "libc++";
				CLANG_ENABLE_MODULES = YES;
				CLANG_ENABLE_OBJC_ARC = YES;
				CLANG_ENABLE_OBJC_WEAK = YES;
				CLANG_WARN_BLOCK_CAPTURE_AUTORELEASING = YES;
				CLANG_WARN_BOOL_CONVERSION = YES;
				CLANG_WARN_COMMA = YES;
				CLANG_WARN_CONSTANT_CONVERSION = YES;
				CLANG_WARN_DEPRECATED_OBJC_IMPLEMENTATIONS = YES;
				CLANG_WARN_DIRECT_OBJC_ISA_USAGE = YES_ERROR;
				CLANG_WARN_DOCUMENTATION_COMMENTS = YES;
				CLANG_WARN_EMPTY_BODY = YES;
				CLANG_WARN_ENUM_CONVERSION = YES;
				CLANG_WARN_INFINITE_RECURSION = YES;
				CLANG_WARN_INT_CONVERSION = YES;
				CLANG_WARN_NON_LITERAL_NULL_CONVERSION = YES;
				CLANG_WARN_OBJC_IMPLICIT_RETAIN_SELF = YES;
				CLANG_WARN_OBJC_LITERAL_CONVERSION = YES;
				CLANG_WARN_OBJC_ROOT_CLASS = YES_ERROR;
				CLANG_WARN_RANGE_LOOP_ANALYSIS = YES;
				CLANG_WARN_STRICT_PROTOTYPES = YES;
				CLANG_WARN_SUSPICIOUS_MOVE = YES;
				CLANG_WARN_UNGUARDED_AVAILABILITY = YES_AGGRESSIVE;
				CLANG_WARN_UNREACHABLE_CODE = YES;
				CLANG_WARN__DUPLICATE_METHOD_MATCH = YES;
				CODE_SIGN_IDENTITY = "iPhone Developer";
				COPY_PHASE_STRIP = NO;
				DEBUG_INFORMATION_FORMAT = "dwarf-with-dsym";
				ENABLE_NS_ASSERTIONS = NO;
				ENABLE_STRICT_OBJC_MSGSEND = YES;
				GCC_C_LANGUAGE_STANDARD = gnu11;
				GCC_NO_COMMON_BLOCKS = YES;
				GCC_WARN_64_TO_32_BIT_CONVERSION = YES;
				GCC_WARN_ABOUT_RETURN_TYPE = YES_ERROR;
				GCC_WARN_UNDECLARED_SELECTOR = YES;
				GCC_WARN_UNINITIALIZED_AUTOS = YES_AGGRESSIVE;
				GCC_WARN_UNUSED_FUNCTION = YES;
				GCC_WARN_UNUSED_VARIABLE = YES;
				IPHONEOS_DEPLOYMENT_TARGET = 12.4;
				MTL_ENABLE_DEBUG_INFO = NO;
				MTL_FAST_MATH = YES;
				SDKROOT = iphoneos;
				SWIFT_COMPILATION_MODE = wholemodule;
				SWIFT_OPTIMIZATION_LEVEL = "-O";
				VALIDATE_PRODUCT = YES;
			};
			name = Release;
		};
		479FD93423790B9900365A4D /* Debug */ = {
			isa = XCBuildConfiguration;
			buildSettings = {
				ASSETCATALOG_COMPILER_APPICON_NAME = AppIcon;
				CODE_SIGN_STYLE = Automatic;
				INFOPLIST_FILE = SimpleGenericApiCaller/Info.plist;
				LD_RUNPATH_SEARCH_PATHS = (
					"$(inherited)",
					"@executable_path/Frameworks",
				);
				PRODUCT_BUNDLE_IDENTIFIER = com.SimpleGenericApiCaller;
				PRODUCT_NAME = "$(TARGET_NAME)";
				SWIFT_VERSION = 5.0;
				TARGETED_DEVICE_FAMILY = "1,2";
			};
			name = Debug;
		};
		479FD93523790B9900365A4D /* Release */ = {
			isa = XCBuildConfiguration;
			buildSettings = {
				ASSETCATALOG_COMPILER_APPICON_NAME = AppIcon;
				CODE_SIGN_STYLE = Automatic;
				INFOPLIST_FILE = SimpleGenericApiCaller/Info.plist;
				LD_RUNPATH_SEARCH_PATHS = (
					"$(inherited)",
					"@executable_path/Frameworks",
				);
				PRODUCT_BUNDLE_IDENTIFIER = com.SimpleGenericApiCaller;
				PRODUCT_NAME = "$(TARGET_NAME)";
				SWIFT_VERSION = 5.0;
				TARGETED_DEVICE_FAMILY = "1,2";
			};
			name = Release;
		};
/* End XCBuildConfiguration section */

/* Begin XCConfigurationList section */
		479FD91C23790B9700365A4D /* Build configuration list for PBXProject "SimpleGenericApiCaller" */ = {
			isa = XCConfigurationList;
			buildConfigurations = (
				479FD93123790B9900365A4D /* Debug */,
				479FD93223790B9900365A4D /* Release */,
			);
			defaultConfigurationIsVisible = 0;
			defaultConfigurationName = Release;
		};
		479FD93323790B9900365A4D /* Build configuration list for PBXNativeTarget "SimpleGenericApiCaller" */ = {
			isa = XCConfigurationList;
			buildConfigurations = (
				479FD93423790B9900365A4D /* Debug */,
				479FD93523790B9900365A4D /* Release */,
			);
			defaultConfigurationIsVisible = 0;
			defaultConfigurationName = Release;
		};
/* End XCConfigurationList section */
	};
	rootObject = 479FD91923790B9700365A4D /* Project object */;
}
